
Microsoft Visual Studio Solution File, Format Version 12.00
# Visual Studio Version 16
VisualStudioVersion = 16.0.31729.503
MinimumVisualStudioVersion = 10.0.40219.1
Project("{FAE04EC0-301F-11D3-BF4B-00C04F79EFBC}") = "ProductReviewManagement", "ProductReviewManagement\ProductReviewManagement.csproj", "{D46980E1-C661-44B1-83C3-F4D39FBAD746}"
EndProject
Global
	GlobalSection(SolutionConfigurationPlatforms) = preSolution
		Debug|Any CPU = Debug|Any CPU
		Release|Any CPU = Release|Any CPU
	EndGlobalSection
	GlobalSection(ProjectConfigurationPlatforms) = postSolution
		{D46980E1-C661-44B1-83C3-F4D39FBAD746}.Debug|Any CPU.ActiveCfg = Debug|Any CPU
		{D46980E1-C661-44B1-83C3-F4D39FBAD746}.Debug|Any CPU.Build.0 = Debug|Any CPU
		{D46980E1-C661-44B1-83C3-F4D39FBAD746}.Release|Any CPU.ActiveCfg = Release|Any CPU
		{D46980E1-C661-44B1-83C3-F4D39FBAD746}.Release|Any CPU.Build.0 = Release|Any CPU
	EndGlobalSection
	GlobalSection(SolutionProperties) = preSolution
		HideSolutionNode = FALSE
	EndGlobalSection
	GlobalSection(ExtensibilityGlobals) = postSolution
		SolutionGuid = {B9D98409-FA09-4878-A297-0749A29F1EFC}
	EndGlobalSection
EndGlobal
